
Microsoft Visual Studio Solution File, Format Version 12.00
# Visual Studio 15
VisualStudioVersion = 15.0.27130.2010
MinimumVisualStudioVersion = 10.0.40219.1
Project("{FAE04EC0-301F-11D3-BF4B-00C04F79EFBC}") = "ConstructPath", "ConstructPath\ConstructPath.csproj", "{C077799C-778A-49E9-9079-4A9B27412073}"
EndProject
Project("{FAE04EC0-301F-11D3-BF4B-00C04F79EFBC}") = "ConstructPathDelivery", "ConstructPathDelivery\ConstructPathDelivery.csproj", "{56630A3F-FD51-470A-A79E-FF218B273C91}"
EndProject
Project("{FAE04EC0-301F-11D3-BF4B-00C04F79EFBC}") = "ConstructPathDeliveryTests", "ConstructPathDeliveryTests\ConstructPathDeliveryTests.csproj", "{2341D4A6-BC6D-414B-99A8-758B3073730E}"
EndProject
Project("{FAE04EC0-301F-11D3-BF4B-00C04F79EFBC}") = "ConstructPathNoExceptionMessage", "ConstructPathNoExceptionMessage\ConstructPathNoExceptionMessage.csproj", "{8FEC1BCA-043A-4B5D-90AC-FD5EB5655377}"
EndProject
Global
	GlobalSection(SolutionConfigurationPlatforms) = preSolution
		Debug|Any CPU = Debug|Any CPU
		Release|Any CPU = Release|Any CPU
	EndGlobalSection
	GlobalSection(ProjectConfigurationPlatforms) = postSolution
		{C077799C-778A-49E9-9079-4A9B27412073}.Debug|Any CPU.ActiveCfg = Debug|Any CPU
		{C077799C-778A-49E9-9079-4A9B27412073}.Debug|Any CPU.Build.0 = Debug|Any CPU
		{C077799C-778A-49E9-9079-4A9B27412073}.Release|Any CPU.ActiveCfg = Release|Any CPU
		{C077799C-778A-49E9-9079-4A9B27412073}.Release|Any CPU.Build.0 = Release|Any CPU
		{56630A3F-FD51-470A-A79E-FF218B273C91}.Debug|Any CPU.ActiveCfg = Debug|Any CPU
		{56630A3F-FD51-470A-A79E-FF218B273C91}.Debug|Any CPU.Build.0 = Debug|Any CPU
		{56630A3F-FD51-470A-A79E-FF218B273C91}.Release|Any CPU.ActiveCfg = Release|Any CPU
		{56630A3F-FD51-470A-A79E-FF218B273C91}.Release|Any CPU.Build.0 = Release|Any CPU
		{2341D4A6-BC6D-414B-99A8-758B3073730E}.Debug|Any CPU.ActiveCfg = Debug|Any CPU
		{2341D4A6-BC6D-414B-99A8-758B3073730E}.Debug|Any CPU.Build.0 = Debug|Any CPU
		{2341D4A6-BC6D-414B-99A8-758B3073730E}.Release|Any CPU.ActiveCfg = Release|Any CPU
		{2341D4A6-BC6D-414B-99A8-758B3073730E}.Release|Any CPU.Build.0 = Release|Any CPU
		{8FEC1BCA-043A-4B5D-90AC-FD5EB5655377}.Debug|Any CPU.ActiveCfg = Debug|Any CPU
		{8FEC1BCA-043A-4B5D-90AC-FD5EB5655377}.Debug|Any CPU.Build.0 = Debug|Any CPU
		{8FEC1BCA-043A-4B5D-90AC-FD5EB5655377}.Release|Any CPU.ActiveCfg = Release|Any CPU
		{8FEC1BCA-043A-4B5D-90AC-FD5EB5655377}.Release|Any CPU.Build.0 = Release|Any CPU
	EndGlobalSection
	GlobalSection(SolutionProperties) = preSolution
		HideSolutionNode = FALSE
	EndGlobalSection
	GlobalSection(ExtensibilityGlobals) = postSolution
		SolutionGuid = {DF785BC8-31DC-4002-AB31-C1F06836EDB5}
	EndGlobalSection
EndGlobal
